# This file is automatically @generated by Cargo.
# It is not intended for manual editing.
[[package]]
name = "json"
version = "0.12.1"
source = "registry+https://github.com/rust-lang/crates.io-index"
checksum = "9a38661a28126f8621fb246611288ae28935ddf180f5e21f2d0fbfe5e4131dbe"

[[package]]
name = "libc"
version = "0.2.68"
source = "registry+https://github.com/rust-lang/crates.io-index"
checksum = "dea0c0405123bba743ee3f91f49b1c7cfb684eef0da0a50110f758ccf24cdff0"

[[package]]
name = "memchr"
version = "1.0.2"
source = "registry+https://github.com/rust-lang/crates.io-index"
checksum = "148fab2e51b4f1cfc66da2a7c32981d1d3c083a803978268bb11fe4b86925e7a"
dependencies = [
 "libc",
]

[[package]]
name = "paq"
version = "0.1.0"
dependencies = [
 "json",
 "memchr",
 "unicode-xid",
]

[[package]]
name = "unicode-xid"
version = "0.1.0"
source = "registry+https://github.com/rust-lang/crates.io-index"
checksum = "fc72304796d0818e357ead4e000d19c9c174ab23dc11093ac919054d20a6a7fc"
